// !$*UTF8*$!
{
	archiveVersion = 1;
	classes = {
	};
	objectVersion = 77;
	objects = {

/* Begin PBXBuildFile section */
		0974E06F7A1D53C62170D45C /* DivisiApp.swift in Sources */ = {isa = PBXBuildFile; fileRef = B218D6B5E91D5F84F3FDFDCC /* DivisiApp.swift */; };
		0A695632E04AD4540E8FEA6C /* MusicXMLConverter.swift in Sources */ = {isa = PBXBuildFile; fileRef = 32D3365A7E7480CFB15A71DB /* MusicXMLConverter.swift */; };
		14E051160FE5A1DD7C5877A8 /* index.html in Resources */ = {isa = PBXBuildFile; fileRef = 2941EFE4F75F62C98E30E821 /* index.html */; };
		1C60335C8D1EF7AF158A6327 /* MIDIParser.swift in Sources */ = {isa = PBXBuildFile; fileRef = F065A297D3D4F72343403924 /* MIDIParser.swift */; };
		5CEF17B3E55F04B07F4DA946 /* ContentView.swift in Sources */ = {isa = PBXBuildFile; fileRef = 5EDADD73263374141CD15A05 /* ContentView.swift */; };
		632619A3241D98A62CCDB021 /* MIDIModels.swift in Sources */ = {isa = PBXBuildFile; fileRef = F44BD1425BEAEAE3F6F02B40 /* MIDIModels.swift */; };
		722E33264DD7CFD676FB7DA9 /* TimGM6mb.sf2 in Resources */ = {isa = PBXBuildFile; fileRef = 9F109BEBBF435D9025B3BAD2 /* TimGM6mb.sf2 */; };
		9EDD8A515E3EC04763C5CF37 /* requiem-satb-plain.mid in Resources */ = {isa = PBXBuildFile; fileRef = 186786E4BB6F4AA2CBAFEC83 /* requiem-satb-plain.mid */; };
		A27876277F14FEF383828175 /* DivisiPlaybackService.swift in Sources */ = {isa = PBXBuildFile; fileRef = 789EF7533F4CD23C41C0C907 /* DivisiPlaybackService.swift */; };
		A84E6444C4088DBAB9728D33 /* OSMDWebView.swift in Sources */ = {isa = PBXBuildFile; fileRef = FA14CBC47A732CE1233BE326 /* OSMDWebView.swift */; };
		DE9A157607D482B37BC18CCD /* DivisiSyncEngine.swift in Sources */ = {isa = PBXBuildFile; fileRef = EB92C8C6F320DB2BC4EDF4D2 /* DivisiSyncEngine.swift */; };
		E8655D08BFF3286CB71E74EE /* Assets.xcassets in Resources */ = {isa = PBXBuildFile; fileRef = BFCC46C5B2A5A3E1CD9C7895 /* Assets.xcassets */; };
		FCDB091C41ADCE584897CB7B /* opensheetmusicdisplay.min.js in Resources */ = {isa = PBXBuildFile; fileRef = E41318B1F82D54F351BC2CEC /* opensheetmusicdisplay.min.js */; };
/* End PBXBuildFile section */

/* Begin PBXFileReference section */
		01E8477131F120304F4714EA /* Info.plist */ = {isa = PBXFileReference; lastKnownFileType = text.plist; path = Info.plist; sourceTree = "<group>"; };
		186786E4BB6F4AA2CBAFEC83 /* requiem-satb-plain.mid */ = {isa = PBXFileReference; lastKnownFileType = audio.midi; path = "requiem-satb-plain.mid"; sourceTree = "<group>"; };
		2941EFE4F75F62C98E30E821 /* index.html */ = {isa = PBXFileReference; lastKnownFileType = text.html; path = index.html; sourceTree = "<group>"; };
		32D3365A7E7480CFB15A71DB /* MusicXMLConverter.swift */ = {isa = PBXFileReference; lastKnownFileType = sourcecode.swift; path = MusicXMLConverter.swift; sourceTree = "<group>"; };
		5EDADD73263374141CD15A05 /* ContentView.swift */ = {isa = PBXFileReference; lastKnownFileType = sourcecode.swift; path = ContentView.swift; sourceTree = "<group>"; };
		789EF7533F4CD23C41C0C907 /* DivisiPlaybackService.swift */ = {isa = PBXFileReference; lastKnownFileType = sourcecode.swift; path = DivisiPlaybackService.swift; sourceTree = "<group>"; };
		9F109BEBBF435D9025B3BAD2 /* TimGM6mb.sf2 */ = {isa = PBXFileReference; path = TimGM6mb.sf2; sourceTree = "<group>"; };
		B218D6B5E91D5F84F3FDFDCC /* DivisiApp.swift */ = {isa = PBXFileReference; lastKnownFileType = sourcecode.swift; path = DivisiApp.swift; sourceTree = "<group>"; };
		BFCC46C5B2A5A3E1CD9C7895 /* Assets.xcassets */ = {isa = PBXFileReference; lastKnownFileType = folder.assetcatalog; path = Assets.xcassets; sourceTree = "<group>"; };
		DCB749CCD8C95982EDFD29E1 /* Divisi.app */ = {isa = PBXFileReference; includeInIndex = 0; lastKnownFileType = wrapper.application; path = Divisi.app; sourceTree = BUILT_PRODUCTS_DIR; };
		E41318B1F82D54F351BC2CEC /* opensheetmusicdisplay.min.js */ = {isa = PBXFileReference; lastKnownFileType = sourcecode.javascript; path = opensheetmusicdisplay.min.js; sourceTree = "<group>"; };
		EB92C8C6F320DB2BC4EDF4D2 /* DivisiSyncEngine.swift */ = {isa = PBXFileReference; lastKnownFileType = sourcecode.swift; path = DivisiSyncEngine.swift; sourceTree = "<group>"; };
		F065A297D3D4F72343403924 /* MIDIParser.swift */ = {isa = PBXFileReference; lastKnownFileType = sourcecode.swift; path = MIDIParser.swift; sourceTree = "<group>"; };
		F44BD1425BEAEAE3F6F02B40 /* MIDIModels.swift */ = {isa = PBXFileReference; lastKnownFileType = sourcecode.swift; path = MIDIModels.swift; sourceTree = "<group>"; };
		FA14CBC47A732CE1233BE326 /* OSMDWebView.swift */ = {isa = PBXFileReference; lastKnownFileType = sourcecode.swift; path = OSMDWebView.swift; sourceTree = "<group>"; };
/* End PBXFileReference section */

/* Begin PBXGroup section */
		564BACE9BF57F061FC277282 /* App */ = {
			isa = PBXGroup;
			children = (
				BFCC46C5B2A5A3E1CD9C7895 /* Assets.xcassets */,
				5EDADD73263374141CD15A05 /* ContentView.swift */,
				B218D6B5E91D5F84F3FDFDCC /* DivisiApp.swift */,
				01E8477131F120304F4714EA /* Info.plist */,
			);
			path = App;
			sourceTree = "<group>";
		};
		ABE2719E4C1E6C9642532E95 = {
			isa = PBXGroup;
			children = (
				564BACE9BF57F061FC277282 /* App */,
				EB5A852FBD920612A0B44527 /* DivisiKit */,
				F4B0C7D852E9F2C1AE7B63FA /* Products */,
			);
			sourceTree = "<group>";
		};
		B9A212A56CAA601948319B63 /* osmd */ = {
			isa = PBXGroup;
			children = (
				2941EFE4F75F62C98E30E821 /* index.html */,
				E41318B1F82D54F351BC2CEC /* opensheetmusicdisplay.min.js */,
			);
			path = osmd;
			sourceTree = "<group>";
		};
		CB8FD13BCFDE5DBB516C50F3 /* Resources */ = {
			isa = PBXGroup;
			children = (
				186786E4BB6F4AA2CBAFEC83 /* requiem-satb-plain.mid */,
				9F109BEBBF435D9025B3BAD2 /* TimGM6mb.sf2 */,
				B9A212A56CAA601948319B63 /* osmd */,
			);
			path = Resources;
			sourceTree = "<group>";
		};
		EB5A852FBD920612A0B44527 /* DivisiKit */ = {
			isa = PBXGroup;
			children = (
				789EF7533F4CD23C41C0C907 /* DivisiPlaybackService.swift */,
				EB92C8C6F320DB2BC4EDF4D2 /* DivisiSyncEngine.swift */,
				F44BD1425BEAEAE3F6F02B40 /* MIDIModels.swift */,
				F065A297D3D4F72343403924 /* MIDIParser.swift */,
				32D3365A7E7480CFB15A71DB /* MusicXMLConverter.swift */,
				FA14CBC47A732CE1233BE326 /* OSMDWebView.swift */,
				CB8FD13BCFDE5DBB516C50F3 /* Resources */,
			);
			path = DivisiKit;
			sourceTree = "<group>";
		};
		F4B0C7D852E9F2C1AE7B63FA /* Products */ = {
			isa = PBXGroup;
			children = (
				DCB749CCD8C95982EDFD29E1 /* Divisi.app */,
			);
			name = Products;
			sourceTree = "<group>";
		};
/* End PBXGroup section */

/* Begin PBXNativeTarget section */
		061CF2BDF1DCD5E0DEF39F0E /* Divisi */ = {
			isa = PBXNativeTarget;
			buildConfigurationList = FBC28140569F8355587FCA35 /* Build configuration list for PBXNativeTarget "Divisi" */;
			buildPhases = (
				15BD038A2D5B7D7DE106C496 /* Sources */,
				AC12486A19DDA0CDF8912A04 /* Resources */,
			);
			buildRules = (
			);
			dependencies = (
			);
			name = Divisi;
			packageProductDependencies = (
			);
			productName = Divisi;
			productReference = DCB749CCD8C95982EDFD29E1 /* Divisi.app */;
			productType = "com.apple.product-type.application";
		};
/* End PBXNativeTarget section */

/* Begin PBXProject section */
		B08A8FA26F059479DF0DE4CE /* Project object */ = {
			isa = PBXProject;
			attributes = {
				BuildIndependentTargetsInParallel = YES;
				LastUpgradeCheck = 1430;
				TargetAttributes = {
					061CF2BDF1DCD5E0DEF39F0E = {
						DevelopmentTeam = WZWT86647J;
						ProvisioningStyle = Automatic;
					};
				};
			};
			buildConfigurationList = 7A79445EE4EB488E9873845D /* Build configuration list for PBXProject "Divisi" */;
			developmentRegion = en;
			hasScannedForEncodings = 0;
			knownRegions = (
				Base,
				en,
			);
			mainGroup = ABE2719E4C1E6C9642532E95;
			minimizedProjectReferenceProxies = 1;
			preferredProjectObjectVersion = 77;
			productRefGroup = F4B0C7D852E9F2C1AE7B63FA /* Products */;
			projectDirPath = "";
			projectRoot = "";
			targets = (
				061CF2BDF1DCD5E0DEF39F0E /* Divisi */,
			);
		};
/* End PBXProject section */

/* Begin PBXResourcesBuildPhase section */
		AC12486A19DDA0CDF8912A04 /* Resources */ = {
			isa = PBXResourcesBuildPhase;
			buildActionMask = 2147483647;
			files = (
				E8655D08BFF3286CB71E74EE /* Assets.xcassets in Resources */,
				722E33264DD7CFD676FB7DA9 /* TimGM6mb.sf2 in Resources */,
				14E051160FE5A1DD7C5877A8 /* index.html in Resources */,
				FCDB091C41ADCE584897CB7B /* opensheetmusicdisplay.min.js in Resources */,
				9EDD8A515E3EC04763C5CF37 /* requiem-satb-plain.mid in Resources */,
			);
			runOnlyForDeploymentPostprocessing = 0;
		};
/* End PBXResourcesBuildPhase section */

/* Begin PBXSourcesBuildPhase section */
		15BD038A2D5B7D7DE106C496 /* Sources */ = {
			isa = PBXSourcesBuildPhase;
			buildActionMask = 2147483647;
			files = (
				5CEF17B3E55F04B07F4DA946 /* ContentView.swift in Sources */,
				0974E06F7A1D53C62170D45C /* DivisiApp.swift in Sources */,
				A27876277F14FEF383828175 /* DivisiPlaybackService.swift in Sources */,
				DE9A157607D482B37BC18CCD /* DivisiSyncEngine.swift in Sources */,
				632619A3241D98A62CCDB021 /* MIDIModels.swift in Sources */,
				1C60335C8D1EF7AF158A6327 /* MIDIParser.swift in Sources */,
				0A695632E04AD4540E8FEA6C /* MusicXMLConverter.swift in Sources */,
				A84E6444C4088DBAB9728D33 /* OSMDWebView.swift in Sources */,
			);
			runOnlyForDeploymentPostprocessing = 0;
		};
/* End PBXSourcesBuildPhase section */

/* Begin XCBuildConfiguration section */
		7DA471CC7BFD6D5CA1E602FD /* Release */ = {
			isa = XCBuildConfiguration;
			buildSettings = {
				ASSETCATALOG_COMPILER_APPICON_NAME = AppIcon;
				ASSETCATALOG_COMPILER_GLOBAL_ACCENT_COLOR_NAME = AccentColor;
				CODE_SIGN_IDENTITY = "iPhone Developer";
				CODE_SIGN_STYLE = Automatic;
				DEVELOPMENT_TEAM = WZWT86647J;
				INFOPLIST_FILE = App/Info.plist;
				LD_RUNPATH_SEARCH_PATHS = (
					"$(inherited)",
					"@executable_path/Frameworks",
				);
				PRODUCT_BUNDLE_IDENTIFIER = com.maripaz.divisi.Divisi;
				SDKROOT = iphoneos;
				SWIFT_VERSION = 5.0;
				TARGETED_DEVICE_FAMILY = 1;
			};
			name = Release;
		};
		8E710928E820968F7F383487 /* Debug */ = {
			isa = XCBuildConfiguration;
			buildSettings = {
				ASSETCATALOG_COMPILER_APPICON_NAME = AppIcon;
				ASSETCATALOG_COMPILER_GLOBAL_ACCENT_COLOR_NAME = AccentColor;
				CODE_SIGN_IDENTITY = "iPhone Developer";
				CODE_SIGN_STYLE = Automatic;
				DEVELOPMENT_TEAM = WZWT86647J;
				INFOPLIST_FILE = App/Info.plist;
				LD_RUNPATH_SEARCH_PATHS = (
					"$(inherited)",
					"@executable_path/Frameworks",
				);
				PRODUCT_BUNDLE_IDENTIFIER = com.maripaz.divisi.Divisi;
				SDKROOT = iphoneos;
				SWIFT_VERSION = 5.0;
				TARGETED_DEVICE_FAMILY = 1;
			};
			name = Debug;
		};
		B009921BDB486BC88D02B98F /* Debug */ = {
			isa = XCBuildConfiguration;
			buildSettings = {
				ALWAYS_SEARCH_USER_PATHS = NO;
				CLANG_ANALYZER_NONNULL = YES;
				CLANG_ANALYZER_NUMBER_OBJECT_CONVERSION = YES_AGGRESSIVE;
				CLANG_CXX_LANGUAGE_STANDARD = "gnu++14";
				CLANG_CXX_LIBRARY = "libc++";
				CLANG_ENABLE_MODULES = YES;
				CLANG_ENABLE_OBJC_ARC = YES;
				CLANG_ENABLE_OBJC_WEAK = YES;
				CLANG_WARN_BLOCK_CAPTURE_AUTORELEASING = YES;
				CLANG_WARN_BOOL_CONVERSION = YES;
				CLANG_WARN_COMMA = YES;
				CLANG_WARN_CONSTANT_CONVERSION = YES;
				CLANG_WARN_DEPRECATED_OBJC_IMPLEMENTATIONS = YES;
				CLANG_WARN_DIRECT_OBJC_ISA_USAGE = YES_ERROR;
				CLANG_WARN_DOCUMENTATION_COMMENTS = YES;
				CLANG_WARN_EMPTY_BODY = YES;
				CLANG_WARN_ENUM_CONVERSION = YES;
				CLANG_WARN_INFINITE_RECURSION = YES;
				CLANG_WARN_INT_CONVERSION = YES;
				CLANG_WARN_NON_LITERAL_NULL_CONVERSION = YES;
				CLANG_WARN_OBJC_IMPLICIT_RETAIN_SELF = YES;
				CLANG_WARN_OBJC_LITERAL_CONVERSION = YES;
				CLANG_WARN_OBJC_ROOT_CLASS = YES_ERROR;
				CLANG_WARN_QUOTED_INCLUDE_IN_FRAMEWORK_HEADER = YES;
				CLANG_WARN_RANGE_LOOP_ANALYSIS = YES;
				CLANG_WARN_STRICT_PROTOTYPES = YES;
				CLANG_WARN_SUSPICIOUS_MOVE = YES;
				CLANG_WARN_UNGUARDED_AVAILABILITY = YES_AGGRESSIVE;
				CLANG_WARN_UNREACHABLE_CODE = YES;
				CLANG_WARN__DUPLICATE_METHOD_MATCH = YES;
				COPY_PHASE_STRIP = NO;
				DEBUG_INFORMATION_FORMAT = dwarf;
				ENABLE_STRICT_OBJC_MSGSEND = YES;
				ENABLE_TESTABILITY = YES;
				GCC_C_LANGUAGE_STANDARD = gnu11;
				GCC_DYNAMIC_NO_PIC = NO;
				GCC_NO_COMMON_BLOCKS = YES;
				GCC_OPTIMIZATION_LEVEL = 0;
				GCC_PREPROCESSOR_DEFINITIONS = (
					"$(inherited)",
					"DEBUG=1",
				);
				GCC_WARN_64_TO_32_BIT_CONVERSION = YES;
				GCC_WARN_ABOUT_RETURN_TYPE = YES_ERROR;
				GCC_WARN_UNDECLARED_SELECTOR = YES;
				GCC_WARN_UNINITIALIZED_AUTOS = YES_AGGRESSIVE;
				GCC_WARN_UNUSED_FUNCTION = YES;
				GCC_WARN_UNUSED_VARIABLE = YES;
				IPHONEOS_DEPLOYMENT_TARGET = 17.0;
				MTL_ENABLE_DEBUG_INFO = INCLUDE_SOURCE;
				MTL_FAST_MATH = YES;
				ONLY_ACTIVE_ARCH = YES;
				PRODUCT_NAME = "$(TARGET_NAME)";
				SDKROOT = iphoneos;
				SWIFT_ACTIVE_COMPILATION_CONDITIONS = DEBUG;
				SWIFT_OPTIMIZATION_LEVEL = "-Onone";
				SWIFT_VERSION = 5.0;
			};
			name = Debug;
		};
		F16B76C5A9AB0BE586CA7DFB /* Release */ = {
			isa = XCBuildConfiguration;
			buildSettings = {
				ALWAYS_SEARCH_USER_PATHS = NO;
				CLANG_ANALYZER_NONNULL = YES;
				CLANG_ANALYZER_NUMBER_OBJECT_CONVERSION = YES_AGGRESSIVE;
				CLANG_CXX_LANGUAGE_STANDARD = "gnu++14";
				CLANG_CXX_LIBRARY = "libc++";
				CLANG_ENABLE_MODULES = YES;
				CLANG_ENABLE_OBJC_ARC = YES;
				CLANG_ENABLE_OBJC_WEAK = YES;
				CLANG_WARN_BLOCK_CAPTURE_AUTORELEASING = YES;
				CLANG_WARN_BOOL_CONVERSION = YES;
				CLANG_WARN_COMMA = YES;
				CLANG_WARN_CONSTANT_CONVERSION = YES;
				CLANG_WARN_DEPRECATED_OBJC_IMPLEMENTATIONS = YES;
				CLANG_WARN_DIRECT_OBJC_ISA_USAGE = YES_ERROR;
				CLANG_WARN_DOCUMENTATION_COMMENTS = YES;
				CLANG_WARN_EMPTY_BODY = YES;
				CLANG_WARN_ENUM_CONVERSION = YES;
				CLANG_WARN_INFINITE_RECURSION = YES;
				CLANG_WARN_INT_CONVERSION = YES;
				CLANG_WARN_NON_LITERAL_NULL_CONVERSION = YES;
				CLANG_WARN_OBJC_IMPLICIT_RETAIN_SELF = YES;
				CLANG_WARN_OBJC_LITERAL_CONVERSION = YES;
				CLANG_WARN_OBJC_ROOT_CLASS = YES_ERROR;
				CLANG_WARN_QUOTED_INCLUDE_IN_FRAMEWORK_HEADER = YES;
				CLANG_WARN_RANGE_LOOP_ANALYSIS = YES;
				CLANG_WARN_STRICT_PROTOTYPES = YES;
				CLANG_WARN_SUSPICIOUS_MOVE = YES;
				CLANG_WARN_UNGUARDED_AVAILABILITY = YES_AGGRESSIVE;
				CLANG_WARN_UNREACHABLE_CODE = YES;
				CLANG_WARN__DUPLICATE_METHOD_MATCH = YES;
				COPY_PHASE_STRIP = NO;
				DEBUG_INFORMATION_FORMAT = "dwarf-with-dsym";
				ENABLE_NS_ASSERTIONS = NO;
				ENABLE_STRICT_OBJC_MSGSEND = YES;
				GCC_C_LANGUAGE_STANDARD = gnu11;
				GCC_NO_COMMON_BLOCKS = YES;
				GCC_WARN_64_TO_32_BIT_CONVERSION = YES;
				GCC_WARN_ABOUT_RETURN_TYPE = YES_ERROR;
				GCC_WARN_UNDECLARED_SELECTOR = YES;
				GCC_WARN_UNINITIALIZED_AUTOS = YES_AGGRESSIVE;
				GCC_WARN_UNUSED_FUNCTION = YES;
				GCC_WARN_UNUSED_VARIABLE = YES;
				IPHONEOS_DEPLOYMENT_TARGET = 17.0;
				MTL_ENABLE_DEBUG_INFO = NO;
				MTL_FAST_MATH = YES;
				PRODUCT_NAME = "$(TARGET_NAME)";
				SDKROOT = iphoneos;
				SWIFT_COMPILATION_MODE = wholemodule;
				SWIFT_OPTIMIZATION_LEVEL = "-O";
				SWIFT_VERSION = 5.0;
			};
			name = Release;
		};
/* End XCBuildConfiguration section */

/* Begin XCConfigurationList section */
		7A79445EE4EB488E9873845D /* Build configuration list for PBXProject "Divisi" */ = {
			isa = XCConfigurationList;
			buildConfigurations = (
				B009921BDB486BC88D02B98F /* Debug */,
				F16B76C5A9AB0BE586CA7DFB /* Release */,
			);
			defaultConfigurationIsVisible = 0;
			defaultConfigurationName = Debug;
		};
		FBC28140569F8355587FCA35 /* Build configuration list for PBXNativeTarget "Divisi" */ = {
			isa = XCConfigurationList;
			buildConfigurations = (
				8E710928E820968F7F383487 /* Debug */,
				7DA471CC7BFD6D5CA1E602FD /* Release */,
			);
			defaultConfigurationIsVisible = 0;
			defaultConfigurationName = Debug;
		};
/* End XCConfigurationList section */
	};
	rootObject = B08A8FA26F059479DF0DE4CE /* Project object */;
}
